
Microsoft Visual Studio Solution File, Format Version 12.00
# Visual Studio Version 17
VisualStudioVersion = 17.4.33110.190
MinimumVisualStudioVersion = 10.0.40219.1
Project("{FAE04EC0-301F-11D3-BF4B-00C04F79EFBC}") = "TextEditor", "TextEditor.csproj", "{9D798707-EE3E-4164-8E51-B5612805AE96}"
EndProject
Global
	GlobalSection(SolutionConfigurationPlatforms) = preSolution
		Debug|Any CPU = Debug|Any CPU
		Release|Any CPU = Release|Any CPU
	EndGlobalSection
	GlobalSection(ProjectConfigurationPlatforms) = postSolution
		{9D798707-EE3E-4164-8E51-B5612805AE96}.Debug|Any CPU.ActiveCfg = Debug|Any CPU
		{9D798707-EE3E-4164-8E51-B5612805AE96}.Debug|Any CPU.Build.0 = Debug|Any CPU
		{9D798707-EE3E-4164-8E51-B5612805AE96}.Release|Any CPU.ActiveCfg = Release|Any CPU
		{9D798707-EE3E-4164-8E51-B5612805AE96}.Release|Any CPU.Build.0 = Release|Any CPU
	EndGlobalSection
	GlobalSection(SolutionProperties) = preSolution
		HideSolutionNode = FALSE
	EndGlobalSection
	GlobalSection(ExtensibilityGlobals) = postSolution
		SolutionGuid = {E3E9C877-CE41-46F4-A673-E57A3991099E}
	EndGlobalSection
EndGlobal
